schema: '2.0'
stages:
  run_notebook:
    cmd: papermill notebooks/A1.ipynb outputs/A1_executed.ipynb -p DATA_CSV 
      data/zomato_df_final_data.csv -p MODEL_OUT outputs/logr_model.pkl
    deps:
    - path: data/zomato_df_final_data.csv
      hash: md5
      md5: 6bb696eac5889d15f134cee5ff09eb5d
      size: 2690897
      isexec: true
    - path: notebooks/A1.ipynb
      hash: md5
      md5: a08bcee45774ef68ed30ace587269b87
      size: 3864532
      isexec: true
    outs:
    - path: outputs/A1_executed.ipynb
      hash: md5
      md5: af848b313ca7117032f4cbb6f2ab6921
      size: 3847531
      isexec: true
    - path: outputs/logr_model.pkl
      hash: md5
      md5: 6acc660e6e1c74bf7567892489ce6ff8
      size: 1397839
      isexec: true
  export_html:
    cmd: jupyter nbconvert --to html --output A1_executed.html --output-dir 
      outputs outputs/A1_executed.ipynb
    deps:
    - path: outputs/A1_executed.ipynb
      hash: md5
      md5: af848b313ca7117032f4cbb6f2ab6921
      size: 3847531
      isexec: true
    outs:
    - path: outputs/A1_executed.html
      hash: md5
      md5: 50f8049e847ab5013084fe98adc8a08c
      size: 4229985
      isexec: true
