schema: '2.0'
stages:
  run_notebook:
    cmd: papermill notebooks/A1.ipynb outputs/A1_executed.ipynb -p DATA_CSV 
      data/zomato_df_final_data.csv -p MODEL_OUT outputs/logr_model.pkl
    deps:
    - path: data/zomato_df_final_data.csv
      hash: md5
      md5: 6bb696eac5889d15f134cee5ff09eb5d
      size: 2690897
      isexec: true
    - path: notebooks/A1.ipynb
      hash: md5
      md5: 9516d58cc51c640ee484fdd81b76bf59
      size: 3862805
      isexec: true
    outs:
    - path: outputs/A1_executed.ipynb
      hash: md5
      md5: 415bf375aac0cdeaff4011b1039e59d2
      size: 3845864
      isexec: true
    - path: outputs/logr_model.pkl
      hash: md5
      md5: 6acc660e6e1c74bf7567892489ce6ff8
      size: 1397839
      isexec: true
  export_html:
    cmd: jupyter nbconvert --to html --output A1_executed.html --output-dir 
      outputs outputs/A1_executed.ipynb
    deps:
    - path: outputs/A1_executed.ipynb
      hash: md5
      md5: 415bf375aac0cdeaff4011b1039e59d2
      size: 3845864
      isexec: true
    outs:
    - path: outputs/A1_executed.html
      hash: md5
      md5: 41c7b137d24af94866e4562ca762bb04
      size: 4227019
      isexec: true
